
Microsoft Visual Studio Solution File, Format Version 12.00
# Visual Studio Version 17
VisualStudioVersion = 17.2.32630.192
MinimumVisualStudioVersion = 10.0.40219.1
Project("{FAE04EC0-301F-11D3-BF4B-00C04F79EFBC}") = "SimpleCRUD_NET_6.Api", "SimpleCRUD_NET_6.Api\SimpleCRUD_NET_6.Api.csproj", "{B994C9AF-EB3C-456F-80D0-B24EE2CA568E}"
EndProject
Global
	GlobalSection(SolutionConfigurationPlatforms) = preSolution
		Debug|Any CPU = Debug|Any CPU
		Release|Any CPU = Release|Any CPU
	EndGlobalSection
	GlobalSection(ProjectConfigurationPlatforms) = postSolution
		{B994C9AF-EB3C-456F-80D0-B24EE2CA568E}.Debug|Any CPU.ActiveCfg = Debug|Any CPU
		{B994C9AF-EB3C-456F-80D0-B24EE2CA568E}.Debug|Any CPU.Build.0 = Debug|Any CPU
		{B994C9AF-EB3C-456F-80D0-B24EE2CA568E}.Release|Any CPU.ActiveCfg = Release|Any CPU
		{B994C9AF-EB3C-456F-80D0-B24EE2CA568E}.Release|Any CPU.Build.0 = Release|Any CPU
	EndGlobalSection
	GlobalSection(SolutionProperties) = preSolution
		HideSolutionNode = FALSE
	EndGlobalSection
	GlobalSection(ExtensibilityGlobals) = postSolution
		SolutionGuid = {DE9870F6-F250-42FF-9DB4-DD4FCD0EF882}
	EndGlobalSection
EndGlobal
